{
  "name": "quell-server",
  "version": "1.0.0",
  "lockfileVersion": 1,
  "requires": true,
  "dependencies": {
    "graphql": {
      "version": "15.3.0",
      "resolved": "https://registry.npmjs.org/graphql/-/graphql-15.3.0.tgz",
      "integrity": "sha512-GTCJtzJmkFLWRfFJuoo9RWWa/FfamUHgiFosxi/X1Ani4AVWbeyBenZTNX6dM+7WSbbFfTo/25eh0LLkwHMw2w=="
    }
  }
}
